
Microsoft Visual Studio Solution File, Format Version 12.00
# Visual Studio Version 17
VisualStudioVersion = 17.8.34408.163
MinimumVisualStudioVersion = 10.0.40219.1
Project("{FAE04EC0-301F-11D3-BF4B-00C04F79EFBC}") = "PairExpenses", "PairExpenses\PairExpenses.csproj", "{CBD83C89-85A3-4744-89A9-5DB944BD7BF9}"
EndProject
Project("{FAE04EC0-301F-11D3-BF4B-00C04F79EFBC}") = "PairExpenses.Client", "PairExpenses.Client\PairExpenses.Client.csproj", "{BD4B1BD1-F1A5-426F-A742-88AC9A1D7725}"
EndProject
Global
	GlobalSection(SolutionConfigurationPlatforms) = preSolution
		Debug|Any CPU = Debug|Any CPU
		Release|Any CPU = Release|Any CPU
	EndGlobalSection
	GlobalSection(ProjectConfigurationPlatforms) = postSolution
		{CBD83C89-85A3-4744-89A9-5DB944BD7BF9}.Debug|Any CPU.ActiveCfg = Debug|Any CPU
		{CBD83C89-85A3-4744-89A9-5DB944BD7BF9}.Debug|Any CPU.Build.0 = Debug|Any CPU
		{CBD83C89-85A3-4744-89A9-5DB944BD7BF9}.Release|Any CPU.ActiveCfg = Release|Any CPU
		{CBD83C89-85A3-4744-89A9-5DB944BD7BF9}.Release|Any CPU.Build.0 = Release|Any CPU
		{BD4B1BD1-F1A5-426F-A742-88AC9A1D7725}.Debug|Any CPU.ActiveCfg = Debug|Any CPU
		{BD4B1BD1-F1A5-426F-A742-88AC9A1D7725}.Debug|Any CPU.Build.0 = Debug|Any CPU
		{BD4B1BD1-F1A5-426F-A742-88AC9A1D7725}.Release|Any CPU.ActiveCfg = Release|Any CPU
		{BD4B1BD1-F1A5-426F-A742-88AC9A1D7725}.Release|Any CPU.Build.0 = Release|Any CPU
	EndGlobalSection
	GlobalSection(SolutionProperties) = preSolution
		HideSolutionNode = FALSE
	EndGlobalSection
	GlobalSection(ExtensibilityGlobals) = postSolution
		SolutionGuid = {EDED0681-9064-4A13-A5C8-2AF16BDB37BA}
	EndGlobalSection
EndGlobal
